# THIS IS AN AUTOGENERATED FILE. DO NOT EDIT THIS FILE DIRECTLY.
# yarn lockfile v1


"@hookform/resolvers@^5.1.1":
  version "5.1.1"
  resolved "https://registry.yarnpkg.com/@hookform/resolvers/-/resolvers-5.1.1.tgz#91074ba4fb749cc74e6465e75d38256146b0c4ab"
  integrity sha512-J/NVING3LMAEvexJkyTLjruSm7aOFx7QX21pzkiJfMoNG0wl5aFEjLTl7ay7IQb9EWY6AkrBy7tHL2Alijpdcg==
  dependencies:
    "@standard-schema/utils" "^0.3.0"

"@mantine/hooks@^8.2.1":
  version "8.2.1"
  resolved "https://registry.yarnpkg.com/@mantine/hooks/-/hooks-8.2.1.tgz#2fdfb0f20b941cd4beb3ed37f548fb7b69c97b6f"
  integrity sha512-gnRDk5FXCD9fa0AjlAj9otCsZL9QJzVrpYZk9KjOEoP5XR1TEE2F9/rGbajh1UVjPnD3jUlNLRJMH0YHTlA65A==

"@standard-schema/utils@^0.3.0":
  version "0.3.0"
  resolved "https://registry.yarnpkg.com/@standard-schema/utils/-/utils-0.3.0.tgz#3d5e608f16c2390c10528e98e59aef6bf73cae7b"
  integrity sha512-e7Mew686owMaPJVNNLs55PUvgz371nKgwsc4vxE49zsODpJEnxgxRo2y/OKrqueavXgZNMDVj3DdHFlaSAeU8g==

dayjs@^1.11.13:
  version "1.11.13"
  resolved "https://registry.yarnpkg.com/dayjs/-/dayjs-1.11.13.tgz#92430b0139055c3ebb60150aa13e860a4b5a366c"
  integrity sha512-oaMBel6gjolK862uaPQOVTA7q3TZhuSvuMQAAglQDOWYO9A91IrAOUJEyKVlqJlHE0vq5p5UXxzdPfMH/x6xNg==

react-hook-form@^7.61.1:
  version "7.61.1"
  resolved "https://registry.yarnpkg.com/react-hook-form/-/react-hook-form-7.61.1.tgz#8c1f086ccd921a6e90df6800787e9ca3833f86c1"
  integrity sha512-2vbXUFDYgqEgM2RcXcAT2PwDW/80QARi+PKmHy5q2KhuKvOlG8iIYgf7eIlIANR5trW9fJbP4r5aub3a4egsew==

zod@^4.0.10:
  version "4.0.10"
  resolved "https://registry.yarnpkg.com/zod/-/zod-4.0.10.tgz#b609ee8807c1fe6a9d8beec2be51220cc7a8f0ca"
  integrity sha512-3vB+UU3/VmLL2lvwcY/4RV2i9z/YU0DTV/tDuYjrwmx5WeJ7hwy+rGEEx8glHp6Yxw7ibRbKSaIFBgReRPe5KA==
